<?xml version="1.0" encoding="utf-8"?>
<Project ToolsVersion="4.0" xmlns="http://schemas.microsoft.com/developer/msbuild/2003">
  <ItemGroup>
    <Filter Include="Launcher">
      <UniqueIdentifier>{57ACF9E2-4379-54EE-6C92-429658BE897C}</UniqueIdentifier>
    </Filter>
  </ItemGroup>
  <ItemGroup>
    <ClInclude Include="src\Launcher.h" />
    <ClInclude Include="src\Launcher\Options.h">
      <Filter>Launcher</Filter>
    </ClInclude>
    <ClInclude Include="src\Launcher\Window.h">
      <Filter>Launcher</Filter>
    </ClInclude>
    <ClInclude Include="src\lascpch.h" />
  </ItemGroup>
  <ItemGroup>
    <ClCompile Include="src\Launcher\Window.cpp">
      <Filter>Launcher</Filter>
    </ClCompile>
    <ClCompile Include="src\lascpch.cpp" />
  </ItemGroup>
</Project>